PODS:
  - IQKeyboardManagerSwift (4.0.3)
  - PXGoogleDirections (1.2.3)
  - SwiftLocation (0.9.0)

DEPENDENCIES:
  - IQKeyboardManagerSwift
  - PXGoogleDirections
  - SwiftLocation

SPEC CHECKSUMS:
  IQKeyboardManagerSwift: b6883b720b0e76473692fdc80828442566e1075f
  PXGoogleDirections: 26fae74aad9e8ea697a902f3655b33d0e6ce9834
  SwiftLocation: f18e71300a89f2a81001c9615b7694150e6b84de

PODFILE CHECKSUM: 1d6cf9ed9340d6f08e278d25f4a08d08a797085a

COCOAPODS: 1.0.0
